hash: d105b45cee955223f05d0de488bf03c45fb3c1cdd97f85681d111aa9f3c1b2e1
updated: 2016-04-16T18:32:37.291401487-07:00
imports:
- name: github.com/kelseyhightower/envconfig
  version: cea086319492c3940683ea5e122aa5de70a33923
- name: github.com/lib/pq
  version: 3cd0097429be7d611bb644ef85b42bfb102ceea4
  subpackages:
  - oid
- name: github.com/rubenv/sql-migrate
  version: 969836b11ea791ff8335d8142eb96904db12d593
  subpackages:
  - sqlparse
- name: github.com/Sirupsen/logrus
  version: 081307d9bc1364753142d5962fc1d795c742baaf
- name: gopkg.in/gorp.v1
  version: c87af80f3cc5036b55b83d77171e156791085e2e
devImports: []
